
Microsoft Visual Studio Solution File, Format Version 12.00
# Visual Studio Version 16
VisualStudioVersion = 16.0.31729.503
MinimumVisualStudioVersion = 10.0.40219.1
Project("{FAE04EC0-301F-11D3-BF4B-00C04F79EFBC}") = "practic1", "practic1.csproj", "{6F45A408-B6FD-4D02-B68A-20F6FDC8E0F0}"
EndProject
Project("{FAE04EC0-301F-11D3-BF4B-00C04F79EFBC}") = "UnitTest", "..\UnitTest\UnitTest.csproj", "{2F49A136-FEF8-4555-814A-3B3F02490EBC}"
	ProjectSection(ProjectDependencies) = postProject
		{6F45A408-B6FD-4D02-B68A-20F6FDC8E0F0} = {6F45A408-B6FD-4D02-B68A-20F6FDC8E0F0}
	EndProjectSection
EndProject
Global
	GlobalSection(SolutionConfigurationPlatforms) = preSolution
		Debug|Any CPU = Debug|Any CPU
		Release|Any CPU = Release|Any CPU
	EndGlobalSection
	GlobalSection(ProjectConfigurationPlatforms) = postSolution
		{6F45A408-B6FD-4D02-B68A-20F6FDC8E0F0}.Debug|Any CPU.ActiveCfg = Debug|Any CPU
		{6F45A408-B6FD-4D02-B68A-20F6FDC8E0F0}.Debug|Any CPU.Build.0 = Debug|Any CPU
		{6F45A408-B6FD-4D02-B68A-20F6FDC8E0F0}.Release|Any CPU.ActiveCfg = Release|Any CPU
		{6F45A408-B6FD-4D02-B68A-20F6FDC8E0F0}.Release|Any CPU.Build.0 = Release|Any CPU
		{2F49A136-FEF8-4555-814A-3B3F02490EBC}.Debug|Any CPU.ActiveCfg = Debug|Any CPU
		{2F49A136-FEF8-4555-814A-3B3F02490EBC}.Debug|Any CPU.Build.0 = Debug|Any CPU
		{2F49A136-FEF8-4555-814A-3B3F02490EBC}.Release|Any CPU.ActiveCfg = Release|Any CPU
		{2F49A136-FEF8-4555-814A-3B3F02490EBC}.Release|Any CPU.Build.0 = Release|Any CPU
	EndGlobalSection
	GlobalSection(SolutionProperties) = preSolution
		HideSolutionNode = FALSE
	EndGlobalSection
	GlobalSection(ExtensibilityGlobals) = postSolution
		SolutionGuid = {2E6A0C14-B7C9-47A9-A2BD-F4CE6754C291}
	EndGlobalSection
EndGlobal
